{
  "name": "winston-demo",
  "version": "1.0.0",
  "lockfileVersion": 2,
  "requires": true,
  "packages": {
    "": {
      "name": "winston-demo",
      "version": "1.0.0",
      "license": "ISC",
      "dependencies": {
        "winston": "^2.4.5"
      }
    },
    "node_modules/async": {
      "version": "1.0.0",
      "resolved": "http://artifactory.intra.xiaojukeji.com/artifactory/api/npm/npm/async/-/async-1.0.0.tgz?dl=https%3A%2F%2Fregistry.npmmirror.com%2Fasync%2F-%2Fasync-1.0.0.tgz",
      "integrity": "sha1-+PwEyjoTeErenhZBr5hXjPvWR6k=",
      "license": "MIT"
    },
    "node_modules/colors": {
      "version": "1.0.3",
      "resolved": "http://artifactory.intra.xiaojukeji.com/artifactory/api/npm/npm/colors/-/colors-1.0.3.tgz?dl=https%3A%2F%2Fregistry.npmmirror.com%2Fcolors%2F-%2Fcolors-1.0.3.tgz",
      "integrity": "sha1-BDP0TYCWgP3rYO0mDxsMJi6CpAs=",
      "license": "MIT",
      "engines": {
        "node": ">=0.1.90"
      }
    },
    "node_modules/cycle": {
      "version": "1.0.3",
      "resolved": "http://artifactory.intra.xiaojukeji.com/artifactory/api/npm/npm/cycle/-/cycle-1.0.3.tgz?dl=https%3A%2F%2Fregistry.npmmirror.com%2Fcycle%2F-%2Fcycle-1.0.3.tgz",
      "integrity": "sha1-IegLK+hYD5i0aPN5QwZisEbDStI=",
      "engines": {
        "node": ">=0.4.0"
      }
    },
    "node_modules/eyes": {
      "version": "0.1.8",
      "resolved": "http://artifactory.intra.xiaojukeji.com/artifactory/api/npm/npm/eyes/-/eyes-0.1.8.tgz?dl=https%3A%2F%2Fregistry.npmmirror.com%2Feyes%2F-%2Feyes-0.1.8.tgz",
      "integrity": "sha1-Ys8SAjTGg3hdkCNIqADvPgzCC8A=",
      "engines": {
        "node": "> 0.1.90"
      }
    },
    "node_modules/isstream": {
      "version": "0.1.2",
      "resolved": "http://artifactory.intra.xiaojukeji.com/artifactory/api/npm/npm/isstream/-/isstream-0.1.2.tgz?dl=https%3A%2F%2Fregistry.npmmirror.com%2Fisstream%2F-%2Fisstream-0.1.2.tgz",
      "integrity": "sha1-R+Y/evVa+m+S4VAOaQ64uFKcCZo=",
      "license": "MIT"
    },
    "node_modules/stack-trace": {
      "version": "0.0.10",
      "resolved": "http://artifactory.intra.xiaojukeji.com/artifactory/api/npm/npm/stack-trace/-/stack-trace-0.0.10.tgz?dl=https%3A%2F%2Fregistry.npmmirror.com%2Fstack-trace%2F-%2Fstack-trace-0.0.10.tgz",
      "integrity": "sha1-VHxws0fo0ytOEI6hoqFZ5f3eGcA=",
      "license": "MIT",
      "engines": {
        "node": "*"
      }
    },
    "node_modules/winston": {
      "version": "2.4.5",
      "resolved": "http://artifactory.intra.xiaojukeji.com/artifactory/api/npm/npm/winston/-/winston-2.4.5.tgz?dl=https%3A%2F%2Fregistry.npmmirror.com%2Fwinston%2F-%2Fwinston-2.4.5.tgz",
      "integrity": "sha1-8uQx1WFUxOp2VUX8EAO9NAyVtZo=",
      "license": "MIT",
      "dependencies": {
        "async": "~1.0.0",
        "colors": "1.0.x",
        "cycle": "1.0.x",
        "eyes": "0.1.x",
        "isstream": "0.1.x",
        "stack-trace": "0.0.x"
      },
      "engines": {
        "node": ">= 0.10.0"
      }
    }
  },
  "dependencies": {
    "async": {
      "version": "1.0.0",
      "resolved": "http://artifactory.intra.xiaojukeji.com/artifactory/api/npm/npm/async/-/async-1.0.0.tgz?dl=https%3A%2F%2Fregistry.npmmirror.com%2Fasync%2F-%2Fasync-1.0.0.tgz",
      "integrity": "sha1-+PwEyjoTeErenhZBr5hXjPvWR6k="
    },
    "colors": {
      "version": "1.0.3",
      "resolved": "http://artifactory.intra.xiaojukeji.com/artifactory/api/npm/npm/colors/-/colors-1.0.3.tgz?dl=https%3A%2F%2Fregistry.npmmirror.com%2Fcolors%2F-%2Fcolors-1.0.3.tgz",
      "integrity": "sha1-BDP0TYCWgP3rYO0mDxsMJi6CpAs="
    },
    "cycle": {
      "version": "1.0.3",
      "resolved": "http://artifactory.intra.xiaojukeji.com/artifactory/api/npm/npm/cycle/-/cycle-1.0.3.tgz?dl=https%3A%2F%2Fregistry.npmmirror.com%2Fcycle%2F-%2Fcycle-1.0.3.tgz",
      "integrity": "sha1-IegLK+hYD5i0aPN5QwZisEbDStI="
    },
    "eyes": {
      "version": "0.1.8",
      "resolved": "http://artifactory.intra.xiaojukeji.com/artifactory/api/npm/npm/eyes/-/eyes-0.1.8.tgz?dl=https%3A%2F%2Fregistry.npmmirror.com%2Feyes%2F-%2Feyes-0.1.8.tgz",
      "integrity": "sha1-Ys8SAjTGg3hdkCNIqADvPgzCC8A="
    },
    "isstream": {
      "version": "0.1.2",
      "resolved": "http://artifactory.intra.xiaojukeji.com/artifactory/api/npm/npm/isstream/-/isstream-0.1.2.tgz?dl=https%3A%2F%2Fregistry.npmmirror.com%2Fisstream%2F-%2Fisstream-0.1.2.tgz",
      "integrity": "sha1-R+Y/evVa+m+S4VAOaQ64uFKcCZo="
    },
    "stack-trace": {
      "version": "0.0.10",
      "resolved": "http://artifactory.intra.xiaojukeji.com/artifactory/api/npm/npm/stack-trace/-/stack-trace-0.0.10.tgz?dl=https%3A%2F%2Fregistry.npmmirror.com%2Fstack-trace%2F-%2Fstack-trace-0.0.10.tgz",
      "integrity": "sha1-VHxws0fo0ytOEI6hoqFZ5f3eGcA="
    },
    "winston": {
      "version": "2.4.5",
      "resolved": "http://artifactory.intra.xiaojukeji.com/artifactory/api/npm/npm/winston/-/winston-2.4.5.tgz?dl=https%3A%2F%2Fregistry.npmmirror.com%2Fwinston%2F-%2Fwinston-2.4.5.tgz",
      "integrity": "sha1-8uQx1WFUxOp2VUX8EAO9NAyVtZo=",
      "requires": {
        "async": "~1.0.0",
        "colors": "1.0.x",
        "cycle": "1.0.x",
        "eyes": "0.1.x",
        "isstream": "0.1.x",
        "stack-trace": "0.0.x"
      }
    }
  }
}
