{
  "name": "debug-demo",
  "version": "1.0.0",
  "lockfileVersion": 2,
  "requires": true,
  "packages": {
    "": {
      "name": "debug-demo",
      "version": "1.0.0",
      "license": "ISC",
      "dependencies": {
        "debug": "^4.3.4",
        "lodash": "^4.17.21"
      }
    },
    "node_modules/debug": {
      "version": "4.3.4",
      "resolved": "http://artifactory.intra.xiaojukeji.com/artifactory/api/npm/npm/debug/-/debug-4.3.4.tgz?dl=https%3A%2F%2Fregistry.npmmirror.com%2Fdebug%2F-%2Fdebug-4.3.4.tgz",
      "integrity": "sha1-Exn2V5NX8jONMzfSzdSRS7XcyGU=",
      "license": "MIT",
      "dependencies": {
        "ms": "2.1.2"
      },
      "engines": {
        "node": ">=6.0"
      },
      "peerDependenciesMeta": {
        "supports-color": {
          "optional": true
        }
      }
    },
    "node_modules/lodash": {
      "version": "4.17.21",
      "resolved": "http://artifactory.intra.xiaojukeji.com/artifactory/api/npm/npm/lodash/-/lodash-4.17.21.tgz?dl=https%3A%2F%2Fregistry.npmmirror.com%2Flodash%2F-%2Flodash-4.17.21.tgz",
      "integrity": "sha1-Z5WRxWTDv/quhFTPCz3zcMPWkRw=",
      "license": "MIT"
    },
    "node_modules/ms": {
      "version": "2.1.2",
      "resolved": "http://artifactory.intra.xiaojukeji.com/artifactory/api/npm/npm/ms/-/ms-2.1.2.tgz?dl=https%3A%2F%2Fregistry.npmmirror.com%2Fms%2F-%2Fms-2.1.2.tgz",
      "integrity": "sha1-0J0fNXtEP0kzgqjrPM0YOHKuYAk=",
      "license": "MIT"
    }
  },
  "dependencies": {
    "debug": {
      "version": "4.3.4",
      "resolved": "http://artifactory.intra.xiaojukeji.com/artifactory/api/npm/npm/debug/-/debug-4.3.4.tgz?dl=https%3A%2F%2Fregistry.npmmirror.com%2Fdebug%2F-%2Fdebug-4.3.4.tgz",
      "integrity": "sha1-Exn2V5NX8jONMzfSzdSRS7XcyGU=",
      "requires": {
        "ms": "2.1.2"
      }
    },
    "lodash": {
      "version": "4.17.21",
      "resolved": "http://artifactory.intra.xiaojukeji.com/artifactory/api/npm/npm/lodash/-/lodash-4.17.21.tgz?dl=https%3A%2F%2Fregistry.npmmirror.com%2Flodash%2F-%2Flodash-4.17.21.tgz",
      "integrity": "sha1-Z5WRxWTDv/quhFTPCz3zcMPWkRw="
    },
    "ms": {
      "version": "2.1.2",
      "resolved": "http://artifactory.intra.xiaojukeji.com/artifactory/api/npm/npm/ms/-/ms-2.1.2.tgz?dl=https%3A%2F%2Fregistry.npmmirror.com%2Fms%2F-%2Fms-2.1.2.tgz",
      "integrity": "sha1-0J0fNXtEP0kzgqjrPM0YOHKuYAk="
    }
  }
}
